
Microsoft Visual Studio Solution File, Format Version 12.00
# Visual Studio 14
VisualStudioVersion = 14.0.25420.1
MinimumVisualStudioVersion = 10.0.40219.1
Project("{2150E333-8FDC-42A3-9474-1A3956D46DE8}") = "Engine", "Engine", "{00F3A902-2C6B-4958-817F-0CBEDB3B2BD3}"
EndProject
Project("{2150E333-8FDC-42A3-9474-1A3956D46DE8}") = "Games", "Games", "{965B024A-93DE-4C60-9D82-B52F9106AC0B}"
EndProject
Project("{8BC9CEB8-8B4A-11D0-8D11-00A0C91BC942}") = "UE4", "Intermediate\ProjectFiles\UE4.vcxproj", "{D35B3E01-BC9F-4F92-891D-B4260EFF93D2}"
EndProject
Project("{8BC9CEB8-8B4A-11D0-8D11-00A0C91BC942}") = "vr_ik", "Intermediate\ProjectFiles\vr_ik.vcxproj", "{CE5EDE54-D9EE-45D0-85E9-8E65BE0B2466}"
EndProject
Global
	GlobalSection(SolutionConfigurationPlatforms) = preSolution
		DebugGame Editor|HTML5 = DebugGame Editor|HTML5
		DebugGame Editor|IOS = DebugGame Editor|IOS
		DebugGame Editor|Win32 = DebugGame Editor|Win32
		DebugGame Editor|Win64 = DebugGame Editor|Win64
		DebugGame|HTML5 = DebugGame|HTML5
		DebugGame|IOS = DebugGame|IOS
		DebugGame|Win32 = DebugGame|Win32
		DebugGame|Win64 = DebugGame|Win64
		Development Editor|HTML5 = Development Editor|HTML5
		Development Editor|IOS = Development Editor|IOS
		Development Editor|Win32 = Development Editor|Win32
		Development Editor|Win64 = Development Editor|Win64
		Development|HTML5 = Development|HTML5
		Development|IOS = Development|IOS
		Development|Win32 = Development|Win32
		Development|Win64 = Development|Win64
		Shipping|HTML5 = Shipping|HTML5
		Shipping|IOS = Shipping|IOS
		Shipping|Win32 = Shipping|Win32
		Shipping|Win64 = Shipping|Win64
	EndGlobalSection
	GlobalSection(ProjectConfigurationPlatforms) = postSolution
		{D35B3E01-BC9F-4F92-891D-B4260EFF93D2}.DebugGame Editor|HTML5.ActiveCfg = BuiltWithUnrealBuildTool|Win32
		{D35B3E01-BC9F-4F92-891D-B4260EFF93D2}.DebugGame Editor|HTML5.Build.0 = BuiltWithUnrealBuildTool|Win32
		{D35B3E01-BC9F-4F92-891D-B4260EFF93D2}.DebugGame Editor|IOS.ActiveCfg = BuiltWithUnrealBuildTool|Win32
		{D35B3E01-BC9F-4F92-891D-B4260EFF93D2}.DebugGame Editor|IOS.Build.0 = BuiltWithUnrealBuildTool|Win32
		{D35B3E01-BC9F-4F92-891D-B4260EFF93D2}.DebugGame Editor|Win32.ActiveCfg = BuiltWithUnrealBuildTool|Win32
		{D35B3E01-BC9F-4F92-891D-B4260EFF93D2}.DebugGame Editor|Win32.Build.0 = BuiltWithUnrealBuildTool|Win32
		{D35B3E01-BC9F-4F92-891D-B4260EFF93D2}.DebugGame Editor|Win64.ActiveCfg = BuiltWithUnrealBuildTool|Win32
		{D35B3E01-BC9F-4F92-891D-B4260EFF93D2}.DebugGame Editor|Win64.Build.0 = BuiltWithUnrealBuildTool|Win32
		{D35B3E01-BC9F-4F92-891D-B4260EFF93D2}.DebugGame|HTML5.ActiveCfg = BuiltWithUnrealBuildTool|Win32
		{D35B3E01-BC9F-4F92-891D-B4260EFF93D2}.DebugGame|HTML5.Build.0 = BuiltWithUnrealBuildTool|Win32
		{D35B3E01-BC9F-4F92-891D-B4260EFF93D2}.DebugGame|IOS.ActiveCfg = BuiltWithUnrealBuildTool|Win32
		{D35B3E01-BC9F-4F92-891D-B4260EFF93D2}.DebugGame|IOS.Build.0 = BuiltWithUnrealBuildTool|Win32
		{D35B3E01-BC9F-4F92-891D-B4260EFF93D2}.DebugGame|Win32.ActiveCfg = BuiltWithUnrealBuildTool|Win32
		{D35B3E01-BC9F-4F92-891D-B4260EFF93D2}.DebugGame|Win32.Build.0 = BuiltWithUnrealBuildTool|Win32
		{D35B3E01-BC9F-4F92-891D-B4260EFF93D2}.DebugGame|Win64.ActiveCfg = BuiltWithUnrealBuildTool|Win32
		{D35B3E01-BC9F-4F92-891D-B4260EFF93D2}.DebugGame|Win64.Build.0 = BuiltWithUnrealBuildTool|Win32
		{D35B3E01-BC9F-4F92-891D-B4260EFF93D2}.Development Editor|HTML5.ActiveCfg = BuiltWithUnrealBuildTool|Win32
		{D35B3E01-BC9F-4F92-891D-B4260EFF93D2}.Development Editor|HTML5.Build.0 = BuiltWithUnrealBuildTool|Win32
		{D35B3E01-BC9F-4F92-891D-B4260EFF93D2}.Development Editor|IOS.ActiveCfg = BuiltWithUnrealBuildTool|Win32
		{D35B3E01-BC9F-4F92-891D-B4260EFF93D2}.Development Editor|IOS.Build.0 = BuiltWithUnrealBuildTool|Win32
		{D35B3E01-BC9F-4F92-891D-B4260EFF93D2}.Development Editor|Win32.ActiveCfg = BuiltWithUnrealBuildTool|Win32
		{D35B3E01-BC9F-4F92-891D-B4260EFF93D2}.Development Editor|Win32.Build.0 = BuiltWithUnrealBuildTool|Win32
		{D35B3E01-BC9F-4F92-891D-B4260EFF93D2}.Development Editor|Win64.ActiveCfg = BuiltWithUnrealBuildTool|Win32
		{D35B3E01-BC9F-4F92-891D-B4260EFF93D2}.Development Editor|Win64.Build.0 = BuiltWithUnrealBuildTool|Win32
		{D35B3E01-BC9F-4F92-891D-B4260EFF93D2}.Development|HTML5.ActiveCfg = BuiltWithUnrealBuildTool|Win32
		{D35B3E01-BC9F-4F92-891D-B4260EFF93D2}.Development|HTML5.Build.0 = BuiltWithUnrealBuildTool|Win32
		{D35B3E01-BC9F-4F92-891D-B4260EFF93D2}.Development|IOS.ActiveCfg = BuiltWithUnrealBuildTool|Win32
		{D35B3E01-BC9F-4F92-891D-B4260EFF93D2}.Development|IOS.Build.0 = BuiltWithUnrealBuildTool|Win32
		{D35B3E01-BC9F-4F92-891D-B4260EFF93D2}.Development|Win32.ActiveCfg = BuiltWithUnrealBuildTool|Win32
		{D35B3E01-BC9F-4F92-891D-B4260EFF93D2}.Development|Win32.Build.0 = BuiltWithUnrealBuildTool|Win32
		{D35B3E01-BC9F-4F92-891D-B4260EFF93D2}.Development|Win64.ActiveCfg = BuiltWithUnrealBuildTool|Win32
		{D35B3E01-BC9F-4F92-891D-B4260EFF93D2}.Development|Win64.Build.0 = BuiltWithUnrealBuildTool|Win32
		{D35B3E01-BC9F-4F92-891D-B4260EFF93D2}.Shipping|HTML5.ActiveCfg = BuiltWithUnrealBuildTool|Win32
		{D35B3E01-BC9F-4F92-891D-B4260EFF93D2}.Shipping|HTML5.Build.0 = BuiltWithUnrealBuildTool|Win32
		{D35B3E01-BC9F-4F92-891D-B4260EFF93D2}.Shipping|IOS.ActiveCfg = BuiltWithUnrealBuildTool|Win32
		{D35B3E01-BC9F-4F92-891D-B4260EFF93D2}.Shipping|IOS.Build.0 = BuiltWithUnrealBuildTool|Win32
		{D35B3E01-BC9F-4F92-891D-B4260EFF93D2}.Shipping|Win32.ActiveCfg = BuiltWithUnrealBuildTool|Win32
		{D35B3E01-BC9F-4F92-891D-B4260EFF93D2}.Shipping|Win32.Build.0 = BuiltWithUnrealBuildTool|Win32
		{D35B3E01-BC9F-4F92-891D-B4260EFF93D2}.Shipping|Win64.ActiveCfg = BuiltWithUnrealBuildTool|Win32
		{D35B3E01-BC9F-4F92-891D-B4260EFF93D2}.Shipping|Win64.Build.0 = BuiltWithUnrealBuildTool|Win32
		{CE5EDE54-D9EE-45D0-85E9-8E65BE0B2466}.DebugGame Editor|HTML5.ActiveCfg = HTML5_DebugGame_Editor|Win32
		{CE5EDE54-D9EE-45D0-85E9-8E65BE0B2466}.DebugGame Editor|IOS.ActiveCfg = IOS_DebugGame_Editor|Win32
		{CE5EDE54-D9EE-45D0-85E9-8E65BE0B2466}.DebugGame Editor|Win32.ActiveCfg = DebugGame_Editor|Win32
		{CE5EDE54-D9EE-45D0-85E9-8E65BE0B2466}.DebugGame Editor|Win64.ActiveCfg = DebugGame_Editor|x64
		{CE5EDE54-D9EE-45D0-85E9-8E65BE0B2466}.DebugGame Editor|Win64.Build.0 = DebugGame_Editor|x64
		{CE5EDE54-D9EE-45D0-85E9-8E65BE0B2466}.DebugGame|HTML5.ActiveCfg = HTML5_DebugGame_Game|Win32
		{CE5EDE54-D9EE-45D0-85E9-8E65BE0B2466}.DebugGame|HTML5.Build.0 = HTML5_DebugGame_Game|Win32
		{CE5EDE54-D9EE-45D0-85E9-8E65BE0B2466}.DebugGame|IOS.ActiveCfg = IOS_DebugGame_Game|Win32
		{CE5EDE54-D9EE-45D0-85E9-8E65BE0B2466}.DebugGame|IOS.Build.0 = IOS_DebugGame_Game|Win32
		{CE5EDE54-D9EE-45D0-85E9-8E65BE0B2466}.DebugGame|Win32.ActiveCfg = DebugGame_Game|Win32
		{CE5EDE54-D9EE-45D0-85E9-8E65BE0B2466}.DebugGame|Win32.Build.0 = DebugGame_Game|Win32
		{CE5EDE54-D9EE-45D0-85E9-8E65BE0B2466}.DebugGame|Win64.ActiveCfg = DebugGame_Game|x64
		{CE5EDE54-D9EE-45D0-85E9-8E65BE0B2466}.DebugGame|Win64.Build.0 = DebugGame_Game|x64
		{CE5EDE54-D9EE-45D0-85E9-8E65BE0B2466}.Development Editor|HTML5.ActiveCfg = HTML5_Development_Editor|Win32
		{CE5EDE54-D9EE-45D0-85E9-8E65BE0B2466}.Development Editor|IOS.ActiveCfg = IOS_Development_Editor|Win32
		{CE5EDE54-D9EE-45D0-85E9-8E65BE0B2466}.Development Editor|Win32.ActiveCfg = Development_Editor|Win32
		{CE5EDE54-D9EE-45D0-85E9-8E65BE0B2466}.Development Editor|Win64.ActiveCfg = Development_Editor|x64
		{CE5EDE54-D9EE-45D0-85E9-8E65BE0B2466}.Development Editor|Win64.Build.0 = Development_Editor|x64
		{CE5EDE54-D9EE-45D0-85E9-8E65BE0B2466}.Development|HTML5.ActiveCfg = HTML5_Development_Game|Win32
		{CE5EDE54-D9EE-45D0-85E9-8E65BE0B2466}.Development|HTML5.Build.0 = HTML5_Development_Game|Win32
		{CE5EDE54-D9EE-45D0-85E9-8E65BE0B2466}.Development|IOS.ActiveCfg = IOS_Development_Game|Win32
		{CE5EDE54-D9EE-45D0-85E9-8E65BE0B2466}.Development|IOS.Build.0 = IOS_Development_Game|Win32
		{CE5EDE54-D9EE-45D0-85E9-8E65BE0B2466}.Development|Win32.ActiveCfg = Development_Game|Win32
		{CE5EDE54-D9EE-45D0-85E9-8E65BE0B2466}.Development|Win32.Build.0 = Development_Game|Win32
		{CE5EDE54-D9EE-45D0-85E9-8E65BE0B2466}.Development|Win64.ActiveCfg = Development_Game|x64
		{CE5EDE54-D9EE-45D0-85E9-8E65BE0B2466}.Development|Win64.Build.0 = Development_Game|x64
		{CE5EDE54-D9EE-45D0-85E9-8E65BE0B2466}.Shipping|HTML5.ActiveCfg = HTML5_Shipping_Game|Win32
		{CE5EDE54-D9EE-45D0-85E9-8E65BE0B2466}.Shipping|HTML5.Build.0 = HTML5_Shipping_Game|Win32
		{CE5EDE54-D9EE-45D0-85E9-8E65BE0B2466}.Shipping|IOS.ActiveCfg = IOS_Shipping_Game|Win32
		{CE5EDE54-D9EE-45D0-85E9-8E65BE0B2466}.Shipping|IOS.Build.0 = IOS_Shipping_Game|Win32
		{CE5EDE54-D9EE-45D0-85E9-8E65BE0B2466}.Shipping|Win32.ActiveCfg = Shipping_Game|Win32
		{CE5EDE54-D9EE-45D0-85E9-8E65BE0B2466}.Shipping|Win32.Build.0 = Shipping_Game|Win32
		{CE5EDE54-D9EE-45D0-85E9-8E65BE0B2466}.Shipping|Win64.ActiveCfg = Shipping_Game|x64
		{CE5EDE54-D9EE-45D0-85E9-8E65BE0B2466}.Shipping|Win64.Build.0 = Shipping_Game|x64
	EndGlobalSection
	GlobalSection(SolutionProperties) = preSolution
		HideSolutionNode = FALSE
	EndGlobalSection
	GlobalSection(NestedProjects) = preSolution
		{D35B3E01-BC9F-4F92-891D-B4260EFF93D2} = {00F3A902-2C6B-4958-817F-0CBEDB3B2BD3}
		{CE5EDE54-D9EE-45D0-85E9-8E65BE0B2466} = {965B024A-93DE-4C60-9D82-B52F9106AC0B}
	EndGlobalSection
EndGlobal
